<?xml version="1.0" encoding="utf-8"?>
<Project ToolsVersion="4.0" xmlns="http://schemas.microsoft.com/developer/msbuild/2003">
  <ItemGroup>
    <Filter Include="Source Files">
      <UniqueIdentifier>{4FC737F1-C7A5-4376-A066-2A32D752A2FF}</UniqueIdentifier>
      <Extensions>cpp;c;cc;cxx;c++;cppm;ixx;def;odl;idl;hpj;bat;asm;asmx</Extensions>
    </Filter>
    <Filter Include="Header Files">
      <UniqueIdentifier>{93995380-89BD-4b04-88EB-625FBE52EBFB}</UniqueIdentifier>
      <Extensions>h;hh;hpp;hxx;h++;hm;inl;inc;ipp;xsd</Extensions>
    </Filter>
    <Filter Include="Resource Files">
      <UniqueIdentifier>{67DA6AB6-F800-4c08-8B7A-83BB121AAD01}</UniqueIdentifier>
      <Extensions>rc;ico;cur;bmp;dlg;rc2;rct;bin;rgs;gif;jpg;jpeg;jpe;resx;tiff;tif;png;wav;mfcribbon-ms</Extensions>
    </Filter>
    <Filter Include="Header Files\App">
      <UniqueIdentifier>{6fea5d2d-d73a-4f77-bf67-80a6b7d7934e}</UniqueIdentifier>
    </Filter>
    <Filter Include="Source Files\App">
      <UniqueIdentifier>{d0c9b234-2f63-44ee-b44c-f814ea68e4da}</UniqueIdentifier>
    </Filter>
    <Filter Include="Header Files\Case">
      <UniqueIdentifier>{fe3ab045-5afd-4593-8eb7-e6b81b20c346}</UniqueIdentifier>
    </Filter>
    <Filter Include="Source Files\Case">
      <UniqueIdentifier>{a8ebc58d-8ba3-49a4-8f04-0801f35dd087}</UniqueIdentifier>
    </Filter>
    <Filter Include="Header Files\Util">
      <UniqueIdentifier>{c3539caf-612c-455b-821a-3126d19585a7}</UniqueIdentifier>
    </Filter>
    <Filter Include="Source Files\Util">
      <UniqueIdentifier>{5707dbe0-efee-4ee4-adc6-9f9250b06d6c}</UniqueIdentifier>
    </Filter>
    <Filter Include="Header Files\UI">
      <UniqueIdentifier>{7dd5189d-3753-4ee0-9160-c2b590506d4d}</UniqueIdentifier>
    </Filter>
    <Filter Include="Source Files\UI">
      <UniqueIdentifier>{a5ff5c2e-ab3c-4783-a4c0-c1c6ed9a4975}</UniqueIdentifier>
    </Filter>
    <Filter Include="Header Files\Render">
      <UniqueIdentifier>{89530e00-424c-46bc-9171-a2bb04b4156c}</UniqueIdentifier>
    </Filter>
    <Filter Include="Source Files\Render">
      <UniqueIdentifier>{96d350fa-1364-47aa-801e-ba5eeb897e2f}</UniqueIdentifier>
    </Filter>
    <Filter Include="Header Files\Sim">
      <UniqueIdentifier>{80c81163-c0aa-4fa1-bab0-578a701c87ab}</UniqueIdentifier>
    </Filter>
    <Filter Include="Source Files\Sim">
      <UniqueIdentifier>{061bfe75-12ff-4b37-9f5e-37ea262b7c03}</UniqueIdentifier>
    </Filter>
    <Filter Include="External Lib">
      <UniqueIdentifier>{635f1418-5f1b-47ac-8168-30c7ae4578f9}</UniqueIdentifier>
    </Filter>
    <Filter Include="External Lib\imgui">
      <UniqueIdentifier>{552b8786-6513-4d70-aa2b-e116e8b441b2}</UniqueIdentifier>
    </Filter>
  </ItemGroup>
  <ItemGroup>
    <ClCompile Include="script\main.cpp">
      <Filter>Source Files</Filter>
    </ClCompile>
    <ClCompile Include="script\App\DxApp.cpp">
      <Filter>Source Files\App</Filter>
    </ClCompile>
    <ClCompile Include="script\App\SimApp.cpp">
      <Filter>Source Files\App</Filter>
    </ClCompile>
    <ClCompile Include="script\Case\FadingTriangleCase.cpp">
      <Filter>Source Files\Case</Filter>
    </ClCompile>
    <ClCompile Include="script\Case\SimCase.cpp">
      <Filter>Source Files\Case</Filter>
    </ClCompile>
    <ClCompile Include="script\Case\SimpleShapeCase.cpp">
      <Filter>Source Files\Case</Filter>
    </ClCompile>
    <ClCompile Include="script\Render\RenderEntity.cpp">
      <Filter>Source Files\Render</Filter>
    </ClCompile>
    <ClCompile Include="script\Render\RenderObj.cpp">
      <Filter>Source Files\Render</Filter>
    </ClCompile>
    <ClCompile Include="script\UI\UI.cpp">
      <Filter>Source Files\UI</Filter>
    </ClCompile>
    <ClCompile Include="script\UI\UIWidget.cpp">
      <Filter>Source Files\UI</Filter>
    </ClCompile>
    <ClCompile Include="script\Util\GraphicsUtil.cpp">
      <Filter>Source Files\Util</Filter>
    </ClCompile>
    <ClCompile Include="script\Util\SimUtil.cpp">
      <Filter>Source Files\Util</Filter>
    </ClCompile>
    <ClCompile Include="script\Util\TypeUtil.cpp">
      <Filter>Source Files\Util</Filter>
    </ClCompile>
    <ClCompile Include="script\Sim\SimEntity.cpp">
      <Filter>Source Files\Sim</Filter>
    </ClCompile>
    <ClCompile Include="script\UI\UIPanel.cpp">
      <Filter>Source Files\UI</Filter>
    </ClCompile>
    <ClCompile Include="external_lib\imgui\imgui.cpp">
      <Filter>External Lib\imgui</Filter>
    </ClCompile>
    <ClCompile Include="external_lib\imgui\imgui_demo.cpp">
      <Filter>External Lib\imgui</Filter>
    </ClCompile>
    <ClCompile Include="external_lib\imgui\imgui_draw.cpp">
      <Filter>External Lib\imgui</Filter>
    </ClCompile>
    <ClCompile Include="external_lib\imgui\imgui_impl_dx11.cpp">
      <Filter>External Lib\imgui</Filter>
    </ClCompile>
    <ClCompile Include="external_lib\imgui\imgui_impl_win32.cpp">
      <Filter>External Lib\imgui</Filter>
    </ClCompile>
    <ClCompile Include="external_lib\imgui\imgui_tables.cpp">
      <Filter>External Lib\imgui</Filter>
    </ClCompile>
    <ClCompile Include="external_lib\imgui\imgui_widgets.cpp">
      <Filter>External Lib\imgui</Filter>
    </ClCompile>
    <ClCompile Include="script\Util\LogUtil.cpp">
      <Filter>Source Files\Util</Filter>
    </ClCompile>
    <ClCompile Include="script\Util\FileUtil.cpp">
      <Filter>Source Files\Util</Filter>
    </ClCompile>
    <ClCompile Include="script\Util\ThreadUtil.cpp">
      <Filter>Source Files\Util</Filter>
    </ClCompile>
    <ClCompile Include="script\Util\MathUtil.cpp">
      <Filter>Source Files\Util</Filter>
    </ClCompile>
  </ItemGroup>
  <ItemGroup>
    <ClInclude Include="script\App\DxApp.h">
      <Filter>Header Files\App</Filter>
    </ClInclude>
    <ClInclude Include="script\App\SimApp.h">
      <Filter>Header Files\App</Filter>
    </ClInclude>
    <ClInclude Include="script\Case\FadingTriangleCase.h">
      <Filter>Header Files\Case</Filter>
    </ClInclude>
    <ClInclude Include="script\Case\SimCase.h">
      <Filter>Header Files\Case</Filter>
    </ClInclude>
    <ClInclude Include="script\Case\SimpleShapeCase.h">
      <Filter>Header Files\Case</Filter>
    </ClInclude>
    <ClInclude Include="script\Render\RenderEntity.h">
      <Filter>Header Files\Render</Filter>
    </ClInclude>
    <ClInclude Include="script\Render\RenderObj.h">
      <Filter>Header Files\Render</Filter>
    </ClInclude>
    <ClInclude Include="script\UI\UI.h">
      <Filter>Header Files\UI</Filter>
    </ClInclude>
    <ClInclude Include="script\UI\UIWidget.h">
      <Filter>Header Files\UI</Filter>
    </ClInclude>
    <ClInclude Include="script\Util\GraphicsUtil.h">
      <Filter>Header Files\Util</Filter>
    </ClInclude>
    <ClInclude Include="script\Util\SimUtil.h">
      <Filter>Header Files\Util</Filter>
    </ClInclude>
    <ClInclude Include="script\Util\TypeUtil.h">
      <Filter>Header Files\Util</Filter>
    </ClInclude>
    <ClInclude Include="script\Sim\SimEntity.h">
      <Filter>Header Files\Sim</Filter>
    </ClInclude>
    <ClInclude Include="script\UI\UIPanel.h">
      <Filter>Header Files\UI</Filter>
    </ClInclude>
    <ClInclude Include="external_lib\imgui\imconfig.h">
      <Filter>External Lib\imgui</Filter>
    </ClInclude>
    <ClInclude Include="external_lib\imgui\imgui.h">
      <Filter>External Lib\imgui</Filter>
    </ClInclude>
    <ClInclude Include="external_lib\imgui\imgui_impl_dx11.h">
      <Filter>External Lib\imgui</Filter>
    </ClInclude>
    <ClInclude Include="external_lib\imgui\imgui_impl_win32.h">
      <Filter>External Lib\imgui</Filter>
    </ClInclude>
    <ClInclude Include="external_lib\imgui\imgui_internal.h">
      <Filter>External Lib\imgui</Filter>
    </ClInclude>
    <ClInclude Include="external_lib\imgui\imstb_rectpack.h">
      <Filter>External Lib\imgui</Filter>
    </ClInclude>
    <ClInclude Include="external_lib\imgui\imstb_textedit.h">
      <Filter>External Lib\imgui</Filter>
    </ClInclude>
    <ClInclude Include="external_lib\imgui\imstb_truetype.h">
      <Filter>External Lib\imgui</Filter>
    </ClInclude>
    <ClInclude Include="script\Util\LogUtil.h">
      <Filter>Header Files\Util</Filter>
    </ClInclude>
    <ClInclude Include="script\Util\FileUtil.h">
      <Filter>Header Files\Util</Filter>
    </ClInclude>
    <ClInclude Include="script\Util\ThreadUtil.h">
      <Filter>Header Files\Util</Filter>
    </ClInclude>
    <ClInclude Include="script\Util\MathUtil.h">
      <Filter>Header Files\Util</Filter>
    </ClInclude>
  </ItemGroup>
</Project>