
Microsoft Visual Studio Solution File, Format Version 12.00
# Visual Studio Version 17
VisualStudioVersion = 17.2.32630.192
MinimumVisualStudioVersion = 10.0.40219.1
Project("{8BC9CEB8-8B4A-11D0-8D11-00A0C91BC942}") = "SimFactory", "SimFactory.vcxproj", "{0B4F60C1-6F78-4836-A4C2-9B806DC0FA56}"
EndProject
Global
	GlobalSection(SolutionConfigurationPlatforms) = preSolution
		Debug|x64 = Debug|x64
		Debug|x86 = Debug|x86
		Release|x64 = Release|x64
		Release|x86 = Release|x86
	EndGlobalSection
	GlobalSection(ProjectConfigurationPlatforms) = postSolution
		{0B4F60C1-6F78-4836-A4C2-9B806DC0FA56}.Debug|x64.ActiveCfg = Debug|x64
		{0B4F60C1-6F78-4836-A4C2-9B806DC0FA56}.Debug|x64.Build.0 = Debug|x64
		{0B4F60C1-6F78-4836-A4C2-9B806DC0FA56}.Debug|x86.ActiveCfg = Debug|Win32
		{0B4F60C1-6F78-4836-A4C2-9B806DC0FA56}.Debug|x86.Build.0 = Debug|Win32
		{0B4F60C1-6F78-4836-A4C2-9B806DC0FA56}.Release|x64.ActiveCfg = Release|x64
		{0B4F60C1-6F78-4836-A4C2-9B806DC0FA56}.Release|x64.Build.0 = Release|x64
		{0B4F60C1-6F78-4836-A4C2-9B806DC0FA56}.Release|x86.ActiveCfg = Release|Win32
		{0B4F60C1-6F78-4836-A4C2-9B806DC0FA56}.Release|x86.Build.0 = Release|Win32
	EndGlobalSection
	GlobalSection(SolutionProperties) = preSolution
		HideSolutionNode = FALSE
	EndGlobalSection
	GlobalSection(ExtensibilityGlobals) = postSolution
		SolutionGuid = {B648C468-2B6E-4C10-A1C8-DCA1F090FE63}
	EndGlobalSection
EndGlobal
